
Microsoft Visual Studio Solution File, Format Version 12.00
# Visual Studio Version 18
VisualStudioVersion = 18.4.11612.150
MinimumVisualStudioVersion = 10.0.40219.1
Project("{D954291E-2A0B-460D-934E-DC6B0785DB48}") = "Common", "Src\Common\Common.shproj", "{722A50B8-8225-45F0-B14C-493935397047}"
EndProject
Project("{FAE04EC0-301F-11D3-BF4B-00C04F79EFBC}") = "BcToolsZC25", "BuildsTargets\BcToolsZC25\BcToolsZC25.csproj", "{2C35248C-D99B-4739-A396-CF3CA3E4B8CD}"
EndProject
Project("{FAE04EC0-301F-11D3-BF4B-00C04F79EFBC}") = "BcToolsAC25", "BuildsTargets\BcToolsAC25\BcToolsAC25.csproj", "{3B4E07F6-EEDE-4098-8B89-CEB8B06016E5}"
EndProject
Project("{D954291E-2A0B-460D-934E-DC6B0785DB48}") = "BCad", "Src\BCad\BCad.shproj", "{64F2A4E1-93EE-47D0-ACA0-5FE4AE48F69F}"
EndProject
Project("{FAE04EC0-301F-11D3-BF4B-00C04F79EFBC}") = "UnitTest", "BuildsTargets\UnitTest\UnitTest.csproj", "{71665693-6EA4-4ED7-A37B-A54D884EDD76}"
EndProject
Project("{2150E333-8FDC-42A3-9474-1A3956D46DE8}") = "Solution Items", "Solution Items", "{4A2B95E3-2BA6-4060-83FA-AE5DED7FF566}"
	ProjectSection(SolutionItems) = preProject
		.github\workflows\ms-build.yml = .github\workflows\ms-build.yml
		odkazy.txt = odkazy.txt
		WGS_JTSK.pdf = WGS_JTSK.pdf
	EndProjectSection
EndProject
Project("{D954291E-2A0B-460D-934E-DC6B0785DB48}") = "Topology", "Src\Topology\Topology.shproj", "{B71445C8-B7A7-4660-9E89-245CC4AE9761}"
EndProject
Project("{D954291E-2A0B-460D-934E-DC6B0785DB48}") = "BCadObjectInspector", "Src\BCadObjectInspector\BCadObjectInspector.shproj", "{78A45648-8876-41FB-99AA-08E2832927AD}"
EndProject
Project("{D954291E-2A0B-460D-934E-DC6B0785DB48}") = "RibbonXml", "RibbonXml\Shared\RibbonXml.shproj", "{E12BFDD6-C393-4D7C-A138-72372C23BBBC}"
EndProject
Project("{FAE04EC0-301F-11D3-BF4B-00C04F79EFBC}") = "BcToolsZC26", "BuildsTargets\BcToolsZC26\BcToolsZC26.csproj", "{280310C0-90A0-47DB-985A-B3BEB0C40E92}"
EndProject
Project("{FAE04EC0-301F-11D3-BF4B-00C04F79EFBC}") = "BcToolsAC26", "BuildsTargets\BcToolsAC26\BcToolsAC26.csproj", "{D5E9D16B-E92E-4CAA-961C-567AB67F71D1}"
EndProject
Global
	GlobalSection(SolutionConfigurationPlatforms) = preSolution
		Debug|Any CPU = Debug|Any CPU
		Release|Any CPU = Release|Any CPU
	EndGlobalSection
	GlobalSection(ProjectConfigurationPlatforms) = postSolution
		{2C35248C-D99B-4739-A396-CF3CA3E4B8CD}.Debug|Any CPU.ActiveCfg = Debug|Any CPU
		{2C35248C-D99B-4739-A396-CF3CA3E4B8CD}.Debug|Any CPU.Build.0 = Debug|Any CPU
		{2C35248C-D99B-4739-A396-CF3CA3E4B8CD}.Release|Any CPU.ActiveCfg = Release|Any CPU
		{2C35248C-D99B-4739-A396-CF3CA3E4B8CD}.Release|Any CPU.Build.0 = Release|Any CPU
		{3B4E07F6-EEDE-4098-8B89-CEB8B06016E5}.Debug|Any CPU.ActiveCfg = Debug|Any CPU
		{3B4E07F6-EEDE-4098-8B89-CEB8B06016E5}.Debug|Any CPU.Build.0 = Debug|Any CPU
		{3B4E07F6-EEDE-4098-8B89-CEB8B06016E5}.Release|Any CPU.ActiveCfg = Release|Any CPU
		{3B4E07F6-EEDE-4098-8B89-CEB8B06016E5}.Release|Any CPU.Build.0 = Release|Any CPU
		{71665693-6EA4-4ED7-A37B-A54D884EDD76}.Debug|Any CPU.ActiveCfg = Debug|Any CPU
		{71665693-6EA4-4ED7-A37B-A54D884EDD76}.Debug|Any CPU.Build.0 = Debug|Any CPU
		{71665693-6EA4-4ED7-A37B-A54D884EDD76}.Release|Any CPU.ActiveCfg = Release|Any CPU
		{71665693-6EA4-4ED7-A37B-A54D884EDD76}.Release|Any CPU.Build.0 = Release|Any CPU
		{280310C0-90A0-47DB-985A-B3BEB0C40E92}.Debug|Any CPU.ActiveCfg = Debug|Any CPU
		{280310C0-90A0-47DB-985A-B3BEB0C40E92}.Debug|Any CPU.Build.0 = Debug|Any CPU
		{280310C0-90A0-47DB-985A-B3BEB0C40E92}.Release|Any CPU.ActiveCfg = Release|Any CPU
		{280310C0-90A0-47DB-985A-B3BEB0C40E92}.Release|Any CPU.Build.0 = Release|Any CPU
		{D5E9D16B-E92E-4CAA-961C-567AB67F71D1}.Debug|Any CPU.ActiveCfg = Debug|Any CPU
		{D5E9D16B-E92E-4CAA-961C-567AB67F71D1}.Debug|Any CPU.Build.0 = Debug|Any CPU
		{D5E9D16B-E92E-4CAA-961C-567AB67F71D1}.Release|Any CPU.ActiveCfg = Release|Any CPU
		{D5E9D16B-E92E-4CAA-961C-567AB67F71D1}.Release|Any CPU.Build.0 = Release|Any CPU
	EndGlobalSection
	GlobalSection(SolutionProperties) = preSolution
		HideSolutionNode = FALSE
	EndGlobalSection
	GlobalSection(ExtensibilityGlobals) = postSolution
		SolutionGuid = {55F0F8B4-9EC9-4888-9903-7D3DA965A226}
	EndGlobalSection
	GlobalSection(SharedMSBuildProjectFiles) = preSolution
		RibbonXml\Shared\Shared.projitems*{280310c0-90a0-47db-985a-b3beb0c40e92}*SharedItemsImports = 4
		Src\BCadObjectInspector\BCadObjectInspector.projitems*{280310c0-90a0-47db-985a-b3beb0c40e92}*SharedItemsImports = 4
		Src\BCad\BCad.projitems*{280310c0-90a0-47db-985a-b3beb0c40e92}*SharedItemsImports = 4
		Src\Common\Common.projitems*{280310c0-90a0-47db-985a-b3beb0c40e92}*SharedItemsImports = 4
		Src\Topology\Topology.projitems*{280310c0-90a0-47db-985a-b3beb0c40e92}*SharedItemsImports = 4
		RibbonXml\Shared\Shared.projitems*{2c35248c-d99b-4739-a396-cf3ca3e4b8cd}*SharedItemsImports = 4
		Src\BCadObjectInspector\BCadObjectInspector.projitems*{2c35248c-d99b-4739-a396-cf3ca3e4b8cd}*SharedItemsImports = 4
		Src\BCad\BCad.projitems*{2c35248c-d99b-4739-a396-cf3ca3e4b8cd}*SharedItemsImports = 4
		Src\Common\Common.projitems*{2c35248c-d99b-4739-a396-cf3ca3e4b8cd}*SharedItemsImports = 4
		Src\Topology\Topology.projitems*{2c35248c-d99b-4739-a396-cf3ca3e4b8cd}*SharedItemsImports = 4
		RibbonXml\Shared\Shared.projitems*{3b4e07f6-eede-4098-8b89-ceb8b06016e5}*SharedItemsImports = 5
		Src\BCadObjectInspector\BCadObjectInspector.projitems*{3b4e07f6-eede-4098-8b89-ceb8b06016e5}*SharedItemsImports = 5
		Src\BCad\BCad.projitems*{3b4e07f6-eede-4098-8b89-ceb8b06016e5}*SharedItemsImports = 5
		Src\Common\Common.projitems*{3b4e07f6-eede-4098-8b89-ceb8b06016e5}*SharedItemsImports = 5
		Src\Topology\Topology.projitems*{3b4e07f6-eede-4098-8b89-ceb8b06016e5}*SharedItemsImports = 5
		Src\BCad\BCad.projitems*{64f2a4e1-93ee-47d0-aca0-5fe4ae48f69f}*SharedItemsImports = 13
		Src\Common\Common.projitems*{71665693-6ea4-4ed7-a37b-a54d884edd76}*SharedItemsImports = 5
		Src\Common\Common.projitems*{722a50b8-8225-45f0-b14c-493935397047}*SharedItemsImports = 13
		Src\BCadObjectInspector\BCadObjectInspector.projitems*{78a45648-8876-41fb-99aa-08e2832927ad}*SharedItemsImports = 13
		Src\Topology\Topology.projitems*{b71445c8-b7a7-4660-9e89-245cc4ae9761}*SharedItemsImports = 13
		RibbonXml\Shared\Shared.projitems*{d5e9d16b-e92e-4caa-961c-567ab67f71d1}*SharedItemsImports = 5
		Src\BCadObjectInspector\BCadObjectInspector.projitems*{d5e9d16b-e92e-4caa-961c-567ab67f71d1}*SharedItemsImports = 5
		Src\BCad\BCad.projitems*{d5e9d16b-e92e-4caa-961c-567ab67f71d1}*SharedItemsImports = 5
		Src\Common\Common.projitems*{d5e9d16b-e92e-4caa-961c-567ab67f71d1}*SharedItemsImports = 5
		Src\Topology\Topology.projitems*{d5e9d16b-e92e-4caa-961c-567ab67f71d1}*SharedItemsImports = 5
		RibbonXml\Shared\Shared.projitems*{e12bfdd6-c393-4d7c-a138-72372c23bbbc}*SharedItemsImports = 13
	EndGlobalSection
EndGlobal
