
Microsoft Visual Studio Solution File, Format Version 12.00
# Visual Studio Version 17
VisualStudioVersion = 17.13.35931.197 d17.13
MinimumVisualStudioVersion = 10.0.40219.1
Project("{D954291E-2A0B-460D-934E-DC6B0785DB48}") = "BcToolsC", "Src\Common\BcToolsC.shproj", "{722A50B8-8225-45F0-B14C-493935397047}"
EndProject
Project("{FAE04EC0-301F-11D3-BF4B-00C04F79EFBC}") = "BcToolsZC25", "BuildsTargets\BcToolsZC25\BcToolsZC25.csproj", "{2C35248C-D99B-4739-A396-CF3CA3E4B8CD}"
EndProject
Project("{FAE04EC0-301F-11D3-BF4B-00C04F79EFBC}") = "BcToolsAC25", "BuildsTargets\BcToolsAC25\BcToolsAC25.csproj", "{3B4E07F6-EEDE-4098-8B89-CEB8B06016E5}"
EndProject
Global
	GlobalSection(SolutionConfigurationPlatforms) = preSolution
		Debug|Any CPU = Debug|Any CPU
		Release|Any CPU = Release|Any CPU
	EndGlobalSection
	GlobalSection(ProjectConfigurationPlatforms) = postSolution
		{2C35248C-D99B-4739-A396-CF3CA3E4B8CD}.Debug|Any CPU.ActiveCfg = Debug|Any CPU
		{2C35248C-D99B-4739-A396-CF3CA3E4B8CD}.Debug|Any CPU.Build.0 = Debug|Any CPU
		{2C35248C-D99B-4739-A396-CF3CA3E4B8CD}.Release|Any CPU.ActiveCfg = Release|Any CPU
		{2C35248C-D99B-4739-A396-CF3CA3E4B8CD}.Release|Any CPU.Build.0 = Release|Any CPU
		{3B4E07F6-EEDE-4098-8B89-CEB8B06016E5}.Debug|Any CPU.ActiveCfg = Debug|Any CPU
		{3B4E07F6-EEDE-4098-8B89-CEB8B06016E5}.Debug|Any CPU.Build.0 = Debug|Any CPU
		{3B4E07F6-EEDE-4098-8B89-CEB8B06016E5}.Release|Any CPU.ActiveCfg = Release|Any CPU
		{3B4E07F6-EEDE-4098-8B89-CEB8B06016E5}.Release|Any CPU.Build.0 = Release|Any CPU
	EndGlobalSection
	GlobalSection(SolutionProperties) = preSolution
		HideSolutionNode = FALSE
	EndGlobalSection
	GlobalSection(ExtensibilityGlobals) = postSolution
		SolutionGuid = {55F0F8B4-9EC9-4888-9903-7D3DA965A226}
	EndGlobalSection
	GlobalSection(SharedMSBuildProjectFiles) = preSolution
		Src\Common\Common.projitems*{2c35248c-d99b-4739-a396-cf3ca3e4b8cd}*SharedItemsImports = 4
		Src\Common\Common.projitems*{3b4e07f6-eede-4098-8b89-ceb8b06016e5}*SharedItemsImports = 5
		Src\Common\Common.projitems*{722a50b8-8225-45f0-b14c-493935397047}*SharedItemsImports = 13
	EndGlobalSection
EndGlobal
